
Microsoft Visual Studio Solution File, Format Version 12.00
# Visual Studio Version 17
VisualStudioVersion = 17.2.32526.322
MinimumVisualStudioVersion = 10.0.40219.1
Project("{FAE04EC0-301F-11D3-BF4B-00C04F79EFBC}") = "web_api_1", "web_api_1\web_api_1.csproj", "{33675922-FBA7-4FBB-91A7-FA5234AB89A8}"
EndProject
Global
	GlobalSection(SolutionConfigurationPlatforms) = preSolution
		Debug|Any CPU = Debug|Any CPU
		Release|Any CPU = Release|Any CPU
	EndGlobalSection
	GlobalSection(ProjectConfigurationPlatforms) = postSolution
		{33675922-FBA7-4FBB-91A7-FA5234AB89A8}.Debug|Any CPU.ActiveCfg = Debug|Any CPU
		{33675922-FBA7-4FBB-91A7-FA5234AB89A8}.Debug|Any CPU.Build.0 = Debug|Any CPU
		{33675922-FBA7-4FBB-91A7-FA5234AB89A8}.Release|Any CPU.ActiveCfg = Release|Any CPU
		{33675922-FBA7-4FBB-91A7-FA5234AB89A8}.Release|Any CPU.Build.0 = Release|Any CPU
	EndGlobalSection
	GlobalSection(SolutionProperties) = preSolution
		HideSolutionNode = FALSE
	EndGlobalSection
	GlobalSection(ExtensibilityGlobals) = postSolution
		SolutionGuid = {F129C3E6-3AEE-4AFD-9547-0AEE9218D2E8}
	EndGlobalSection
EndGlobal
